Microsoft Visual Studio Solution File, Format Version 12.00
# Visual Studio 2012
Project("{FAE04EC0-301F-11D3-BF4B-00C04F79EFBC}") = "Devil-Chess", "Devil-Chess.csproj", "{10276CCA-C6B5-42E0-B276-FFCFBE1B9AFB}"
EndProject
Global
	GlobalSection(SolutionConfigurationPlatforms) = preSolution
	Debug|Any CPU = Debug|Any CPU
	ExportDebug|Any CPU = ExportDebug|Any CPU
	ExportRelease|Any CPU = ExportRelease|Any CPU
	EndGlobalSection
	GlobalSection(ProjectConfigurationPlatforms) = postSolution
		{10276CCA-C6B5-42E0-B276-FFCFBE1B9AFB}.Debug|Any CPU.ActiveCfg = Debug|Any CPU
		{10276CCA-C6B5-42E0-B276-FFCFBE1B9AFB}.Debug|Any CPU.Build.0 = Debug|Any CPU
		{10276CCA-C6B5-42E0-B276-FFCFBE1B9AFB}.ExportDebug|Any CPU.ActiveCfg = ExportDebug|Any CPU
		{10276CCA-C6B5-42E0-B276-FFCFBE1B9AFB}.ExportDebug|Any CPU.Build.0 = ExportDebug|Any CPU
		{10276CCA-C6B5-42E0-B276-FFCFBE1B9AFB}.ExportRelease|Any CPU.ActiveCfg = ExportRelease|Any CPU
		{10276CCA-C6B5-42E0-B276-FFCFBE1B9AFB}.ExportRelease|Any CPU.Build.0 = ExportRelease|Any CPU
	EndGlobalSection
EndGlobal
